
Microsoft Visual Studio Solution File, Format Version 12.00
# Visual Studio 2013
VisualStudioVersion = 12.0.21005.1
MinimumVisualStudioVersion = 10.0.40219.1
Project("{FAE04EC0-301F-11D3-BF4B-00C04F79EFBC}") = "ApplicationGUI", "ApplicationGUI\ApplicationGUI.csproj", "{A8324006-C933-47E3-9E52-C15C06F14866}"
EndProject
Project("{FAE04EC0-301F-11D3-BF4B-00C04F79EFBC}") = "Shapes", "Shapes\Shapes.csproj", "{6896F82E-A09B-4E65-878D-83C19129EC9A}"
EndProject
Project("{FAE04EC0-301F-11D3-BF4B-00C04F79EFBC}") = "ApplicationLogic", "LogicController\ApplicationLogic.csproj", "{A6747744-F239-418C-A176-7A7443431674}"
EndProject
Project("{FAE04EC0-301F-11D3-BF4B-00C04F79EFBC}") = "TennisEventArgs", "TParseEventsArgs\TennisEventArgs.csproj", "{1F4DA600-1177-49C0-941C-CA4E6D4E182B}"
EndProject
Project("{FAE04EC0-301F-11D3-BF4B-00C04F79EFBC}") = "TDesign", "TDesign\TDesign.csproj", "{282E683F-D074-4B86-8E54-DD83F6855ABD}"
EndProject
Global
	GlobalSection(SolutionConfigurationPlatforms) = preSolution
		Debug|Any CPU = Debug|Any CPU
		Release|Any CPU = Release|Any CPU
	EndGlobalSection
	GlobalSection(ProjectConfigurationPlatforms) = postSolution
		{A8324006-C933-47E3-9E52-C15C06F14866}.Debug|Any CPU.ActiveCfg = Debug|Any CPU
		{A8324006-C933-47E3-9E52-C15C06F14866}.Debug|Any CPU.Build.0 = Debug|Any CPU
		{A8324006-C933-47E3-9E52-C15C06F14866}.Release|Any CPU.ActiveCfg = Release|Any CPU
		{A8324006-C933-47E3-9E52-C15C06F14866}.Release|Any CPU.Build.0 = Release|Any CPU
		{6896F82E-A09B-4E65-878D-83C19129EC9A}.Debug|Any CPU.ActiveCfg = Debug|Any CPU
		{6896F82E-A09B-4E65-878D-83C19129EC9A}.Debug|Any CPU.Build.0 = Debug|Any CPU
		{6896F82E-A09B-4E65-878D-83C19129EC9A}.Release|Any CPU.ActiveCfg = Release|Any CPU
		{6896F82E-A09B-4E65-878D-83C19129EC9A}.Release|Any CPU.Build.0 = Release|Any CPU
		{A6747744-F239-418C-A176-7A7443431674}.Debug|Any CPU.ActiveCfg = Debug|Any CPU
		{A6747744-F239-418C-A176-7A7443431674}.Debug|Any CPU.Build.0 = Debug|Any CPU
		{A6747744-F239-418C-A176-7A7443431674}.Release|Any CPU.ActiveCfg = Release|Any CPU
		{A6747744-F239-418C-A176-7A7443431674}.Release|Any CPU.Build.0 = Release|Any CPU
		{1F4DA600-1177-49C0-941C-CA4E6D4E182B}.Debug|Any CPU.ActiveCfg = Debug|Any CPU
		{1F4DA600-1177-49C0-941C-CA4E6D4E182B}.Debug|Any CPU.Build.0 = Debug|Any CPU
		{1F4DA600-1177-49C0-941C-CA4E6D4E182B}.Release|Any CPU.ActiveCfg = Release|Any CPU
		{1F4DA600-1177-49C0-941C-CA4E6D4E182B}.Release|Any CPU.Build.0 = Release|Any CPU
		{282E683F-D074-4B86-8E54-DD83F6855ABD}.Debug|Any CPU.ActiveCfg = Debug|Any CPU
		{282E683F-D074-4B86-8E54-DD83F6855ABD}.Debug|Any CPU.Build.0 = Debug|Any CPU
		{282E683F-D074-4B86-8E54-DD83F6855ABD}.Release|Any CPU.ActiveCfg = Release|Any CPU
		{282E683F-D074-4B86-8E54-DD83F6855ABD}.Release|Any CPU.Build.0 = Release|Any CPU
	EndGlobalSection
	GlobalSection(SolutionProperties) = preSolution
		HideSolutionNode = FALSE
	EndGlobalSection
EndGlobal
